
Microsoft Visual Studio Solution File, Format Version 12.00
# Visual Studio Version 16
VisualStudioVersion = 16.0.30717.126
MinimumVisualStudioVersion = 10.0.40219.1
Project("{FAE04EC0-301F-11D3-BF4B-00C04F79EFBC}") = "loja_racao", "loja_racao\loja_racao.csproj", "{0072D0ED-E1CB-4639-8996-BA0B7DC03582}"
EndProject
Global
	GlobalSection(SolutionConfigurationPlatforms) = preSolution
		Debug|Any CPU = Debug|Any CPU
		Release|Any CPU = Release|Any CPU
	EndGlobalSection
	GlobalSection(ProjectConfigurationPlatforms) = postSolution
		{0072D0ED-E1CB-4639-8996-BA0B7DC03582}.Debug|Any CPU.ActiveCfg = Debug|Any CPU
		{0072D0ED-E1CB-4639-8996-BA0B7DC03582}.Debug|Any CPU.Build.0 = Debug|Any CPU
		{0072D0ED-E1CB-4639-8996-BA0B7DC03582}.Release|Any CPU.ActiveCfg = Release|Any CPU
		{0072D0ED-E1CB-4639-8996-BA0B7DC03582}.Release|Any CPU.Build.0 = Release|Any CPU
	EndGlobalSection
	GlobalSection(SolutionProperties) = preSolution
		HideSolutionNode = FALSE
	EndGlobalSection
	GlobalSection(ExtensibilityGlobals) = postSolution
		SolutionGuid = {6967482F-CF96-4EF4-988C-8AB56F9EE5AE}
	EndGlobalSection
EndGlobal
